
Microsoft Visual Studio Solution File, Format Version 12.00
# Visual Studio 15
VisualStudioVersion = 15.0.28307.757
MinimumVisualStudioVersion = 10.0.40219.1
Project("{FAE04EC0-301F-11D3-BF4B-00C04F79EFBC}") = "BinarySerializer", "BinarySerializer\BinarySerializer.csproj", "{41AD0242-9064-41D7-8C4F-B05246D5AACD}"
EndProject
Project("{FAE04EC0-301F-11D3-BF4B-00C04F79EFBC}") = "SerializableObjects", "SerializableObjects\SerializableObjects.csproj", "{8CFEA838-BB31-4FA8-9E2D-D2F654BFC9F5}"
EndProject
Global
	GlobalSection(SolutionConfigurationPlatforms) = preSolution
		Debug|Any CPU = Debug|Any CPU
		Release|Any CPU = Release|Any CPU
	EndGlobalSection
	GlobalSection(ProjectConfigurationPlatforms) = postSolution
		{41AD0242-9064-41D7-8C4F-B05246D5AACD}.Debug|Any CPU.ActiveCfg = Debug|Any CPU
		{41AD0242-9064-41D7-8C4F-B05246D5AACD}.Debug|Any CPU.Build.0 = Debug|Any CPU
		{41AD0242-9064-41D7-8C4F-B05246D5AACD}.Release|Any CPU.ActiveCfg = Release|Any CPU
		{41AD0242-9064-41D7-8C4F-B05246D5AACD}.Release|Any CPU.Build.0 = Release|Any CPU
		{8CFEA838-BB31-4FA8-9E2D-D2F654BFC9F5}.Debug|Any CPU.ActiveCfg = Debug|Any CPU
		{8CFEA838-BB31-4FA8-9E2D-D2F654BFC9F5}.Debug|Any CPU.Build.0 = Debug|Any CPU
		{8CFEA838-BB31-4FA8-9E2D-D2F654BFC9F5}.Release|Any CPU.ActiveCfg = Release|Any CPU
		{8CFEA838-BB31-4FA8-9E2D-D2F654BFC9F5}.Release|Any CPU.Build.0 = Release|Any CPU
	EndGlobalSection
	GlobalSection(SolutionProperties) = preSolution
		HideSolutionNode = FALSE
	EndGlobalSection
	GlobalSection(ExtensibilityGlobals) = postSolution
		SolutionGuid = {75E694AA-9715-456F-95F3-24A2ED2B6736}
	EndGlobalSection
EndGlobal
